{
  "name": "eyeson",
  "lockfileVersion": 3,
  "requires": true,
  "packages": {
    "": {
      "dependencies": {
        "mouse-wheel-zoom": "^1.1.5"
      }
    },
    "node_modules/mouse-wheel-zoom": {
      "version": "1.1.5",
      "resolved": "https://registry.npmjs.org/mouse-wheel-zoom/-/mouse-wheel-zoom-1.1.5.tgz",
      "integrity": "sha512-YNFyJnO25kemSH30sOQf1MJpXZc6kBdAfEZM+9AO8Q3MgsEXmaO1jaeKUlKsLuMgxNZQWEpz0/wDRBQOd7fDKw==",
      "license": "ISC"
    }
  }
}
