// !$*UTF8*$!
{
	archiveVersion = 1;
	classes = {
	};
	objectVersion = 56;
	objects = {

/* Begin PBXBuildFile section */
		1787CBE6F0747B9D78C6B89A /* Pods_eyeson_eyesonUITests.framework in Frameworks */ = {isa = PBXBuildFile; fileRef = 6EFCBE13E13359B652111611 /* Pods_eyeson_eyesonUITests.framework */; };
		33FFCB832A54128949093252 /* Pods_eyeson.framework in Frameworks */ = {isa = PBXBuildFile; fileRef = 875708CAE5D7CBE185B51FF4 /* Pods_eyeson.framework */; };
		C429E7E82C61B6FA00B9AAED /* SettingsView.swift in Sources */ = {isa = PBXBuildFile; fileRef = C429E7E72C61B6FA00B9AAED /* SettingsView.swift */; };
		C429E7ED2C61BCD800B9AAED /* NotificationPermission.swift in Sources */ = {isa = PBXBuildFile; fileRef = C429E7EC2C61BCD800B9AAED /* NotificationPermission.swift */; };
		C429E7EF2C61BFE900B9AAED /* LocationPermission.swift in Sources */ = {isa = PBXBuildFile; fileRef = C429E7EE2C61BFE900B9AAED /* LocationPermission.swift */; };
		C429E7F12C61C00C00B9AAED /* LocationInfo.swift in Sources */ = {isa = PBXBuildFile; fileRef = C429E7F02C61C00C00B9AAED /* LocationInfo.swift */; };
		C429E7F32C61DB1900B9AAED /* SettingsModel.swift in Sources */ = {isa = PBXBuildFile; fileRef = C429E7F22C61DB1900B9AAED /* SettingsModel.swift */; };
		C429E7F52C61DB2300B9AAED /* SettingViewModel.swift in Sources */ = {isa = PBXBuildFile; fileRef = C429E7F42C61DB2300B9AAED /* SettingViewModel.swift */; };
		C429E7FB2C61E25000B9AAED /* NearbyView.swift in Sources */ = {isa = PBXBuildFile; fileRef = C429E7FA2C61E25000B9AAED /* NearbyView.swift */; };
		C429E7FD2C61E25700B9AAED /* NearbyViewModel.swift in Sources */ = {isa = PBXBuildFile; fileRef = C429E7FC2C61E25700B9AAED /* NearbyViewModel.swift */; };
		C429E7FF2C61E25E00B9AAED /* NearByModel.swift in Sources */ = {isa = PBXBuildFile; fileRef = C429E7FE2C61E25E00B9AAED /* NearByModel.swift */; };
		C429E8022C61E2EB00B9AAED /* Lottie in Frameworks */ = {isa = PBXBuildFile; productRef = C429E8012C61E2EB00B9AAED /* Lottie */; };
		C43E37DD2C605AA5006E32D8 /* Launch Screen.storyboard in Resources */ = {isa = PBXBuildFile; fileRef = C43E37DC2C605AA5006E32D8 /* Launch Screen.storyboard */; };
		C455A01C2C609B6300A3F786 /* Glur in Frameworks */ = {isa = PBXBuildFile; productRef = C455A01B2C609B6300A3F786 /* Glur */; };
		C46611072C67754500049492 /* ArtworkDetailView.swift in Sources */ = {isa = PBXBuildFile; fileRef = C46611062C67754500049492 /* ArtworkDetailView.swift */; };
		C466110C2C677C4A00049492 /* SwiftUIImageViewer in Frameworks */ = {isa = PBXBuildFile; productRef = C466110B2C677C4A00049492 /* SwiftUIImageViewer */; };
		C4734E9D2C630FFA00110334 /* ArtworkView.swift in Sources */ = {isa = PBXBuildFile; fileRef = C4734E9C2C630FFA00110334 /* ArtworkView.swift */; };
		C47499AA2C6062830064D824 /* CamerascanView.swift in Sources */ = {isa = PBXBuildFile; fileRef = C47499A92C6062830064D824 /* CamerascanView.swift */; };
		C47499B02C6062B20064D824 /* ExhibitsView.swift in Sources */ = {isa = PBXBuildFile; fileRef = C47499AF2C6062B20064D824 /* ExhibitsView.swift */; };
		C47499B22C6065AE0064D824 /* ExhibitsModel.swift in Sources */ = {isa = PBXBuildFile; fileRef = C47499B12C6065AE0064D824 /* ExhibitsModel.swift */; };
		C47499B82C608C0C0064D824 /* ExhibitsDetailView.swift in Sources */ = {isa = PBXBuildFile; fileRef = C47499B72C608C0C0064D824 /* ExhibitsDetailView.swift */; };
		C47FCA432C61A4CA005C07D1 /* ExhibitsDetailModel.swift in Sources */ = {isa = PBXBuildFile; fileRef = C47FCA422C61A4CA005C07D1 /* ExhibitsDetailModel.swift */; };
		C48457F62C4C00F200745A56 /* eyesonApp.swift in Sources */ = {isa = PBXBuildFile; fileRef = C48457F52C4C00F200745A56 /* eyesonApp.swift */; };
		C48457F82C4C00F200745A56 /* ContentView.swift in Sources */ = {isa = PBXBuildFile; fileRef = C48457F72C4C00F200745A56 /* ContentView.swift */; };
		C48457FA2C4C00F300745A56 /* Assets.xcassets in Resources */ = {isa = PBXBuildFile; fileRef = C48457F92C4C00F300745A56 /* Assets.xcassets */; };
		C48457FD2C4C00F300745A56 /* Preview Assets.xcassets in Resources */ = {isa = PBXBuildFile; fileRef = C48457FC2C4C00F300745A56 /* Preview Assets.xcassets */; };
		C48458072C4C00F400745A56 /* eyesonTests.swift in Sources */ = {isa = PBXBuildFile; fileRef = C48458062C4C00F400745A56 /* eyesonTests.swift */; };
		C48458112C4C00F400745A56 /* eyesonUITests.swift in Sources */ = {isa = PBXBuildFile; fileRef = C48458102C4C00F400745A56 /* eyesonUITests.swift */; };
		C48458132C4C00F400745A56 /* eyesonUITestsLaunchTests.swift in Sources */ = {isa = PBXBuildFile; fileRef = C48458122C4C00F400745A56 /* eyesonUITestsLaunchTests.swift */; };
		C48458202C4C01E900745A56 /* ScanData.swift in Sources */ = {isa = PBXBuildFile; fileRef = C484581F2C4C01E900745A56 /* ScanData.swift */; };
		C48458222C4C033500745A56 /* DocumentScanner.swift in Sources */ = {isa = PBXBuildFile; fileRef = C48458212C4C033500745A56 /* DocumentScanner.swift */; };
		C48458242C4C048C00745A56 /* TextRecognizer.swift in Sources */ = {isa = PBXBuildFile; fileRef = C48458232C4C048C00745A56 /* TextRecognizer.swift */; };
		C4AADEBF2C845CBC00D47510 /* CameraAPIModel.swift in Sources */ = {isa = PBXBuildFile; fileRef = C4AADEBE2C845CBC00D47510 /* CameraAPIModel.swift */; };
		C4AADEC12C845CDA00D47510 /* CameraScanVM.swift in Sources */ = {isa = PBXBuildFile; fileRef = C4AADEC02C845CDA00D47510 /* CameraScanVM.swift */; };
		C4AE0E8D2C85570A000A0A72 /* ArtworkVM.swift in Sources */ = {isa = PBXBuildFile; fileRef = C4AE0E8C2C85570A000A0A72 /* ArtworkVM.swift */; };
		C4AE0E8F2C855713000A0A72 /* ArtwordModel.swift in Sources */ = {isa = PBXBuildFile; fileRef = C4AE0E8E2C855713000A0A72 /* ArtwordModel.swift */; };
		C4AE0E912C855B23000A0A72 /* ExhibitsInfoView.swift in Sources */ = {isa = PBXBuildFile; fileRef = C4AE0E902C855B23000A0A72 /* ExhibitsInfoView.swift */; };
		C4AE0E932C8565B5000A0A72 /* CameraInfoView.swift in Sources */ = {isa = PBXBuildFile; fileRef = C4AE0E922C8565B5000A0A72 /* CameraInfoView.swift */; };
		C4BCFB8E2C4DF32C001F943B /* bluetoothScan.swift in Sources */ = {isa = PBXBuildFile; fileRef = C4BCFB8D2C4DF32C001F943B /* bluetoothScan.swift */; };
		C4BCFB912C4DF679001F943B /* peripheral.swift in Sources */ = {isa = PBXBuildFile; fileRef = C4BCFB902C4DF679001F943B /* peripheral.swift */; };
		C4BCFB932C4DF700001F943B /* BLEManager.swift in Sources */ = {isa = PBXBuildFile; fileRef = C4BCFB922C4DF700001F943B /* BLEManager.swift */; };
		C4EF82DA2C67B93F00A358D7 /* Shimmer in Frameworks */ = {isa = PBXBuildFile; productRef = C4EF82D92C67B93F00A358D7 /* Shimmer */; };
		F29EDF6706F47C2ADDC39832 /* Pods_eyesonTests.framework in Frameworks */ = {isa = PBXBuildFile; fileRef = F807439606D1330482835A12 /* Pods_eyesonTests.framework */; };
/* End PBXBuildFile section */

/* Begin PBXContainerItemProxy section */
		C48458032C4C00F400745A56 /* PBXContainerItemProxy */ = {
			isa = PBXContainerItemProxy;
			containerPortal = C48457EA2C4C00F200745A56 /* Project object */;
			proxyType = 1;
			remoteGlobalIDString = C48457F12C4C00F200745A56;
			remoteInfo = eyeson;
		};
		C484580D2C4C00F400745A56 /* PBXContainerItemProxy */ = {
			isa = PBXContainerItemProxy;
			containerPortal = C48457EA2C4C00F200745A56 /* Project object */;
			proxyType = 1;
			remoteGlobalIDString = C48457F12C4C00F200745A56;
			remoteInfo = eyeson;
		};
/* End PBXContainerItemProxy section */

/* Begin PBXFileReference section */
		5E880C13A66FF0CBCDED4004 /* Pods-eyeson-eyesonUITests.debug.xcconfig */ = {isa = PBXFileReference; includeInIndex = 1; lastKnownFileType = text.xcconfig; name = "Pods-eyeson-eyesonUITests.debug.xcconfig"; path = "Target Support Files/Pods-eyeson-eyesonUITests/Pods-eyeson-eyesonUITests.debug.xcconfig"; sourceTree = "<group>"; };
		6EFCBE13E13359B652111611 /* Pods_eyeson_eyesonUITests.framework */ = {isa = PBXFileReference; explicitFileType = wrapper.framework; includeInIndex = 0; path = Pods_eyeson_eyesonUITests.framework; sourceTree = BUILT_PRODUCTS_DIR; };
		73B9F40BCD49ADA5B66D84C6 /* Pods-eyesonTests.release.xcconfig */ = {isa = PBXFileReference; includeInIndex = 1; lastKnownFileType = text.xcconfig; name = "Pods-eyesonTests.release.xcconfig"; path = "Target Support Files/Pods-eyesonTests/Pods-eyesonTests.release.xcconfig"; sourceTree = "<group>"; };
		772E0DBEAAF2B50B6461D555 /* Pods-eyeson.release.xcconfig */ = {isa = PBXFileReference; includeInIndex = 1; lastKnownFileType = text.xcconfig; name = "Pods-eyeson.release.xcconfig"; path = "Target Support Files/Pods-eyeson/Pods-eyeson.release.xcconfig"; sourceTree = "<group>"; };
		875708CAE5D7CBE185B51FF4 /* Pods_eyeson.framework */ = {isa = PBXFileReference; explicitFileType = wrapper.framework; includeInIndex = 0; path = Pods_eyeson.framework; sourceTree = BUILT_PRODUCTS_DIR; };
		B8DBE7E18503A96EEC65445F /* Pods-eyesonTests.debug.xcconfig */ = {isa = PBXFileReference; includeInIndex = 1; lastKnownFileType = text.xcconfig; name = "Pods-eyesonTests.debug.xcconfig"; path = "Target Support Files/Pods-eyesonTests/Pods-eyesonTests.debug.xcconfig"; sourceTree = "<group>"; };
		C429E7E72C61B6FA00B9AAED /* SettingsView.swift */ = {isa = PBXFileReference; lastKnownFileType = sourcecode.swift; path = SettingsView.swift; sourceTree = "<group>"; };
		C429E7EC2C61BCD800B9AAED /* NotificationPermission.swift */ = {isa = PBXFileReference; lastKnownFileType = sourcecode.swift; path = NotificationPermission.swift; sourceTree = "<group>"; };
		C429E7EE2C61BFE900B9AAED /* LocationPermission.swift */ = {isa = PBXFileReference; lastKnownFileType = sourcecode.swift; path = LocationPermission.swift; sourceTree = "<group>"; };
		C429E7F02C61C00C00B9AAED /* LocationInfo.swift */ = {isa = PBXFileReference; lastKnownFileType = sourcecode.swift; path = LocationInfo.swift; sourceTree = "<group>"; };
		C429E7F22C61DB1900B9AAED /* SettingsModel.swift */ = {isa = PBXFileReference; lastKnownFileType = sourcecode.swift; path = SettingsModel.swift; sourceTree = "<group>"; };
		C429E7F42C61DB2300B9AAED /* SettingViewModel.swift */ = {isa = PBXFileReference; lastKnownFileType = sourcecode.swift; path = SettingViewModel.swift; sourceTree = "<group>"; };
		C429E7FA2C61E25000B9AAED /* NearbyView.swift */ = {isa = PBXFileReference; lastKnownFileType = sourcecode.swift; path = NearbyView.swift; sourceTree = "<group>"; };
		C429E7FC2C61E25700B9AAED /* NearbyViewModel.swift */ = {isa = PBXFileReference; lastKnownFileType = sourcecode.swift; path = NearbyViewModel.swift; sourceTree = "<group>"; };
		C429E7FE2C61E25E00B9AAED /* NearByModel.swift */ = {isa = PBXFileReference; lastKnownFileType = sourcecode.swift; path = NearByModel.swift; sourceTree = "<group>"; };
		C43E37DC2C605AA5006E32D8 /* Launch Screen.storyboard */ = {isa = PBXFileReference; lastKnownFileType = file.storyboard; path = "Launch Screen.storyboard"; sourceTree = "<group>"; };
		C46611062C67754500049492 /* ArtworkDetailView.swift */ = {isa = PBXFileReference; lastKnownFileType = sourcecode.swift; path = ArtworkDetailView.swift; sourceTree = "<group>"; };
		C4734E9C2C630FFA00110334 /* ArtworkView.swift */ = {isa = PBXFileReference; lastKnownFileType = sourcecode.swift; path = ArtworkView.swift; sourceTree = "<group>"; };
		C47499A92C6062830064D824 /* CamerascanView.swift */ = {isa = PBXFileReference; lastKnownFileType = sourcecode.swift; path = CamerascanView.swift; sourceTree = "<group>"; };
		C47499AF2C6062B20064D824 /* ExhibitsView.swift */ = {isa = PBXFileReference; lastKnownFileType = sourcecode.swift; path = ExhibitsView.swift; sourceTree = "<group>"; };
		C47499B12C6065AE0064D824 /* ExhibitsModel.swift */ = {isa = PBXFileReference; lastKnownFileType = sourcecode.swift; path = ExhibitsModel.swift; sourceTree = "<group>"; };
		C47499B72C608C0C0064D824 /* ExhibitsDetailView.swift */ = {isa = PBXFileReference; lastKnownFileType = sourcecode.swift; path = ExhibitsDetailView.swift; sourceTree = "<group>"; };
		C47B33DE2C60592B006BCC1E /* Info.plist */ = {isa = PBXFileReference; lastKnownFileType = text.plist; path = Info.plist; sourceTree = "<group>"; };
		C47FCA422C61A4CA005C07D1 /* ExhibitsDetailModel.swift */ = {isa = PBXFileReference; lastKnownFileType = sourcecode.swift; path = ExhibitsDetailModel.swift; sourceTree = "<group>"; };
		C48457F22C4C00F200745A56 /* eyeson.app */ = {isa = PBXFileReference; explicitFileType = wrapper.application; includeInIndex = 0; path = eyeson.app; sourceTree = BUILT_PRODUCTS_DIR; };
		C48457F52C4C00F200745A56 /* eyesonApp.swift */ = {isa = PBXFileReference; lastKnownFileType = sourcecode.swift; path = eyesonApp.swift; sourceTree = "<group>"; };
		C48457F72C4C00F200745A56 /* ContentView.swift */ = {isa = PBXFileReference; lastKnownFileType = sourcecode.swift; path = ContentView.swift; sourceTree = "<group>"; };
		C48457F92C4C00F300745A56 /* Assets.xcassets */ = {isa = PBXFileReference; lastKnownFileType = folder.assetcatalog; path = Assets.xcassets; sourceTree = "<group>"; };
		C48457FC2C4C00F300745A56 /* Preview Assets.xcassets */ = {isa = PBXFileReference; lastKnownFileType = folder.assetcatalog; path = "Preview Assets.xcassets"; sourceTree = "<group>"; };
		C48458022C4C00F400745A56 /* eyesonTests.xctest */ = {isa = PBXFileReference; explicitFileType = wrapper.cfbundle; includeInIndex = 0; path = eyesonTests.xctest; sourceTree = BUILT_PRODUCTS_DIR; };
		C48458062C4C00F400745A56 /* eyesonTests.swift */ = {isa = PBXFileReference; lastKnownFileType = sourcecode.swift; path = eyesonTests.swift; sourceTree = "<group>"; };
		C484580C2C4C00F400745A56 /* eyesonUITests.xctest */ = {isa = PBXFileReference; explicitFileType = wrapper.cfbundle; includeInIndex = 0; path = eyesonUITests.xctest; sourceTree = BUILT_PRODUCTS_DIR; };
		C48458102C4C00F400745A56 /* eyesonUITests.swift */ = {isa = PBXFileReference; lastKnownFileType = sourcecode.swift; path = eyesonUITests.swift; sourceTree = "<group>"; };
		C48458122C4C00F400745A56 /* eyesonUITestsLaunchTests.swift */ = {isa = PBXFileReference; lastKnownFileType = sourcecode.swift; path = eyesonUITestsLaunchTests.swift; sourceTree = "<group>"; };
		C484581F2C4C01E900745A56 /* ScanData.swift */ = {isa = PBXFileReference; lastKnownFileType = sourcecode.swift; path = ScanData.swift; sourceTree = "<group>"; };
		C48458212C4C033500745A56 /* DocumentScanner.swift */ = {isa = PBXFileReference; lastKnownFileType = sourcecode.swift; path = DocumentScanner.swift; sourceTree = "<group>"; };
		C48458232C4C048C00745A56 /* TextRecognizer.swift */ = {isa = PBXFileReference; lastKnownFileType = sourcecode.swift; path = TextRecognizer.swift; sourceTree = "<group>"; };
		C4AADEBE2C845CBC00D47510 /* CameraAPIModel.swift */ = {isa = PBXFileReference; lastKnownFileType = sourcecode.swift; path = CameraAPIModel.swift; sourceTree = "<group>"; };
		C4AADEC02C845CDA00D47510 /* CameraScanVM.swift */ = {isa = PBXFileReference; lastKnownFileType = sourcecode.swift; path = CameraScanVM.swift; sourceTree = "<group>"; };
		C4AE0E8C2C85570A000A0A72 /* ArtworkVM.swift */ = {isa = PBXFileReference; lastKnownFileType = sourcecode.swift; path = ArtworkVM.swift; sourceTree = "<group>"; };
		C4AE0E8E2C855713000A0A72 /* ArtwordModel.swift */ = {isa = PBXFileReference; lastKnownFileType = sourcecode.swift; path = ArtwordModel.swift; sourceTree = "<group>"; };
		C4AE0E902C855B23000A0A72 /* ExhibitsInfoView.swift */ = {isa = PBXFileReference; lastKnownFileType = sourcecode.swift; path = ExhibitsInfoView.swift; sourceTree = "<group>"; };
		C4AE0E922C8565B5000A0A72 /* CameraInfoView.swift */ = {isa = PBXFileReference; lastKnownFileType = sourcecode.swift; path = CameraInfoView.swift; sourceTree = "<group>"; };
		C4BCFB8D2C4DF32C001F943B /* bluetoothScan.swift */ = {isa = PBXFileReference; lastKnownFileType = sourcecode.swift; path = bluetoothScan.swift; sourceTree = "<group>"; };
		C4BCFB902C4DF679001F943B /* peripheral.swift */ = {isa = PBXFileReference; lastKnownFileType = sourcecode.swift; path = peripheral.swift; sourceTree = "<group>"; };
		C4BCFB922C4DF700001F943B /* BLEManager.swift */ = {isa = PBXFileReference; lastKnownFileType = sourcecode.swift; path = BLEManager.swift; sourceTree = "<group>"; };
		D4AFA9AEB09116BE95EA8F09 /* Pods-eyeson-eyesonUITests.release.xcconfig */ = {isa = PBXFileReference; includeInIndex = 1; lastKnownFileType = text.xcconfig; name = "Pods-eyeson-eyesonUITests.release.xcconfig"; path = "Target Support Files/Pods-eyeson-eyesonUITests/Pods-eyeson-eyesonUITests.release.xcconfig"; sourceTree = "<group>"; };
		D694C3C3999ECE94C3469C12 /* Pods-eyeson.debug.xcconfig */ = {isa = PBXFileReference; includeInIndex = 1; lastKnownFileType = text.xcconfig; name = "Pods-eyeson.debug.xcconfig"; path = "Target Support Files/Pods-eyeson/Pods-eyeson.debug.xcconfig"; sourceTree = "<group>"; };
		F807439606D1330482835A12 /* Pods_eyesonTests.framework */ = {isa = PBXFileReference; explicitFileType = wrapper.framework; includeInIndex = 0; path = Pods_eyesonTests.framework; sourceTree = BUILT_PRODUCTS_DIR; };
/* End PBXFileReference section */

/* Begin PBXFrameworksBuildPhase section */
		C48457EF2C4C00F200745A56 /* Frameworks */ = {
			isa = PBXFrameworksBuildPhase;
			buildActionMask = 2147483647;
			files = (
				C455A01C2C609B6300A3F786 /* Glur in Frameworks */,
				C4EF82DA2C67B93F00A358D7 /* Shimmer in Frameworks */,
				33FFCB832A54128949093252 /* Pods_eyeson.framework in Frameworks */,
				C466110C2C677C4A00049492 /* SwiftUIImageViewer in Frameworks */,
				C429E8022C61E2EB00B9AAED /* Lottie in Frameworks */,
			);
			runOnlyForDeploymentPostprocessing = 0;
		};
		C48457FF2C4C00F400745A56 /* Frameworks */ = {
			isa = PBXFrameworksBuildPhase;
			buildActionMask = 2147483647;
			files = (
				F29EDF6706F47C2ADDC39832 /* Pods_eyesonTests.framework in Frameworks */,
			);
			runOnlyForDeploymentPostprocessing = 0;
		};
		C48458092C4C00F400745A56 /* Frameworks */ = {
			isa = PBXFrameworksBuildPhase;
			buildActionMask = 2147483647;
			files = (
				1787CBE6F0747B9D78C6B89A /* Pods_eyeson_eyesonUITests.framework in Frameworks */,
			);
			runOnlyForDeploymentPostprocessing = 0;
		};
/* End PBXFrameworksBuildPhase section */

/* Begin PBXGroup section */
		90199907AA22C4B7C8FB09F4 /* Pods */ = {
			isa = PBXGroup;
			children = (
				D694C3C3999ECE94C3469C12 /* Pods-eyeson.debug.xcconfig */,
				772E0DBEAAF2B50B6461D555 /* Pods-eyeson.release.xcconfig */,
				5E880C13A66FF0CBCDED4004 /* Pods-eyeson-eyesonUITests.debug.xcconfig */,
				D4AFA9AEB09116BE95EA8F09 /* Pods-eyeson-eyesonUITests.release.xcconfig */,
				B8DBE7E18503A96EEC65445F /* Pods-eyesonTests.debug.xcconfig */,
				73B9F40BCD49ADA5B66D84C6 /* Pods-eyesonTests.release.xcconfig */,
			);
			path = Pods;
			sourceTree = "<group>";
		};
		C429E7E32C61B6DD00B9AAED /* Settings */ = {
			isa = PBXGroup;
			children = (
				C429E7E62C61B6F100B9AAED /* Model */,
				C429E7E52C61B6EC00B9AAED /* View */,
				C429E7E42C61B6E600B9AAED /* ViewModel */,
			);
			path = Settings;
			sourceTree = "<group>";
		};
		C429E7E42C61B6E600B9AAED /* ViewModel */ = {
			isa = PBXGroup;
			children = (
				C429E7F42C61DB2300B9AAED /* SettingViewModel.swift */,
			);
			path = ViewModel;
			sourceTree = "<group>";
		};
		C429E7E52C61B6EC00B9AAED /* View */ = {
			isa = PBXGroup;
			children = (
				C429E7E72C61B6FA00B9AAED /* SettingsView.swift */,
			);
			path = View;
			sourceTree = "<group>";
		};
		C429E7E62C61B6F100B9AAED /* Model */ = {
			isa = PBXGroup;
			children = (
				C429E7F22C61DB1900B9AAED /* SettingsModel.swift */,
			);
			path = Model;
			sourceTree = "<group>";
		};
		C429E7E92C61BBCC00B9AAED /* Utils */ = {
			isa = PBXGroup;
			children = (
				C429E7EC2C61BCD800B9AAED /* NotificationPermission.swift */,
				C429E7EE2C61BFE900B9AAED /* LocationPermission.swift */,
				C429E7F02C61C00C00B9AAED /* LocationInfo.swift */,
			);
			path = Utils;
			sourceTree = "<group>";
		};
		C429E7F62C61E22600B9AAED /* Nearby */ = {
			isa = PBXGroup;
			children = (
				C429E7F72C61E22C00B9AAED /* View */,
				C429E7F82C61E23400B9AAED /* ViewModel */,
				C429E7F92C61E23900B9AAED /* Model */,
			);
			path = Nearby;
			sourceTree = "<group>";
		};
		C429E7F72C61E22C00B9AAED /* View */ = {
			isa = PBXGroup;
			children = (
				C429E7FA2C61E25000B9AAED /* NearbyView.swift */,
			);
			path = View;
			sourceTree = "<group>";
		};
		C429E7F82C61E23400B9AAED /* ViewModel */ = {
			isa = PBXGroup;
			children = (
				C429E7FC2C61E25700B9AAED /* NearbyViewModel.swift */,
			);
			path = ViewModel;
			sourceTree = "<group>";
		};
		C429E7F92C61E23900B9AAED /* Model */ = {
			isa = PBXGroup;
			children = (
				C429E7FE2C61E25E00B9AAED /* NearByModel.swift */,
			);
			path = Model;
			sourceTree = "<group>";
		};
		C4475F3B2C4EA26E00DFBD90 /* Features */ = {
			isa = PBXGroup;
			children = (
				C46611022C67751400049492 /* ArtworkDetail */,
				C4734E982C630FD300110334 /* Artwork */,
				C429E7F62C61E22600B9AAED /* Nearby */,
				C429E7E32C61B6DD00B9AAED /* Settings */,
				C47499B32C608BE70064D824 /* ExhibitsDetail */,
				C47499AB2C6062950064D824 /* Exhibits */,
				C4475F3F2C4EA33900DFBD90 /* Camerascan */,
				C4BCFB8F2C4DF65A001F943B /* BluetoothScan */,
			);
			path = Features;
			sourceTree = "<group>";
		};
		C4475F3C2C4EA2FB00DFBD90 /* Model */ = {
			isa = PBXGroup;
			children = (
				C4BCFB902C4DF679001F943B /* peripheral.swift */,
			);
			path = Model;
			sourceTree = "<group>";
		};
		C4475F3D2C4EA30400DFBD90 /* View */ = {
			isa = PBXGroup;
			children = (
				C4BCFB8D2C4DF32C001F943B /* bluetoothScan.swift */,
			);
			path = View;
			sourceTree = "<group>";
		};
		C4475F3E2C4EA31600DFBD90 /* ViewModel */ = {
			isa = PBXGroup;
			children = (
				C4BCFB922C4DF700001F943B /* BLEManager.swift */,
			);
			path = ViewModel;
			sourceTree = "<group>";
		};
		C4475F3F2C4EA33900DFBD90 /* Camerascan */ = {
			isa = PBXGroup;
			children = (
				C4475F422C4EA35400DFBD90 /* ViewModel */,
				C4475F412C4EA35000DFBD90 /* View */,
				C4475F402C4EA34A00DFBD90 /* Model */,
			);
			path = Camerascan;
			sourceTree = "<group>";
		};
		C4475F402C4EA34A00DFBD90 /* Model */ = {
			isa = PBXGroup;
			children = (
				C484581F2C4C01E900745A56 /* ScanData.swift */,
				C4AADEBE2C845CBC00D47510 /* CameraAPIModel.swift */,
			);
			path = Model;
			sourceTree = "<group>";
		};
		C4475F412C4EA35000DFBD90 /* View */ = {
			isa = PBXGroup;
			children = (
				C47499A92C6062830064D824 /* CamerascanView.swift */,
				C4AE0E922C8565B5000A0A72 /* CameraInfoView.swift */,
			);
			path = View;
			sourceTree = "<group>";
		};
		C4475F422C4EA35400DFBD90 /* ViewModel */ = {
			isa = PBXGroup;
			children = (
				C48458212C4C033500745A56 /* DocumentScanner.swift */,
				C48458232C4C048C00745A56 /* TextRecognizer.swift */,
				C4AADEC02C845CDA00D47510 /* CameraScanVM.swift */,
			);
			path = ViewModel;
			sourceTree = "<group>";
		};
		C46611022C67751400049492 /* ArtworkDetail */ = {
			isa = PBXGroup;
			children = (
				C46611052C67752B00049492 /* View */,
				C46611042C67752500049492 /* ViewModel */,
				C46611032C67751E00049492 /* Model */,
			);
			path = ArtworkDetail;
			sourceTree = "<group>";
		};
		C46611032C67751E00049492 /* Model */ = {
			isa = PBXGroup;
			children = (
			);
			path = Model;
			sourceTree = "<group>";
		};
		C46611042C67752500049492 /* ViewModel */ = {
			isa = PBXGroup;
			children = (
			);
			path = ViewModel;
			sourceTree = "<group>";
		};
		C46611052C67752B00049492 /* View */ = {
			isa = PBXGroup;
			children = (
				C46611062C67754500049492 /* ArtworkDetailView.swift */,
			);
			path = View;
			sourceTree = "<group>";
		};
		C4734E982C630FD300110334 /* Artwork */ = {
			isa = PBXGroup;
			children = (
				C4734E992C630FDA00110334 /* View */,
				C4734E9A2C630FE100110334 /* ViewModel */,
				C4734E9B2C630FE600110334 /* Model */,
			);
			path = Artwork;
			sourceTree = "<group>";
		};
		C4734E992C630FDA00110334 /* View */ = {
			isa = PBXGroup;
			children = (
				C4734E9C2C630FFA00110334 /* ArtworkView.swift */,
			);
			path = View;
			sourceTree = "<group>";
		};
		C4734E9A2C630FE100110334 /* ViewModel */ = {
			isa = PBXGroup;
			children = (
				C4AE0E8C2C85570A000A0A72 /* ArtworkVM.swift */,
			);
			path = ViewModel;
			sourceTree = "<group>";
		};
		C4734E9B2C630FE600110334 /* Model */ = {
			isa = PBXGroup;
			children = (
				C4AE0E8E2C855713000A0A72 /* ArtwordModel.swift */,
			);
			path = Model;
			sourceTree = "<group>";
		};
		C47499AB2C6062950064D824 /* Exhibits */ = {
			isa = PBXGroup;
			children = (
				C47499AE2C6062A70064D824 /* Model */,
				C47499AD2C6062A40064D824 /* View */,
				C47499AC2C60629E0064D824 /* ViewModel */,
			);
			path = Exhibits;
			sourceTree = "<group>";
		};
		C47499AC2C60629E0064D824 /* ViewModel */ = {
			isa = PBXGroup;
			children = (
			);
			path = ViewModel;
			sourceTree = "<group>";
		};
		C47499AD2C6062A40064D824 /* View */ = {
			isa = PBXGroup;
			children = (
				C47499AF2C6062B20064D824 /* ExhibitsView.swift */,
			);
			path = View;
			sourceTree = "<group>";
		};
		C47499AE2C6062A70064D824 /* Model */ = {
			isa = PBXGroup;
			children = (
				C47499B12C6065AE0064D824 /* ExhibitsModel.swift */,
			);
			path = Model;
			sourceTree = "<group>";
		};
		C47499B32C608BE70064D824 /* ExhibitsDetail */ = {
			isa = PBXGroup;
			children = (
				C47499B62C608BFE0064D824 /* ViewModel */,
				C47499B52C608BF60064D824 /* View */,
				C47499B42C608BF00064D824 /* Model */,
			);
			path = ExhibitsDetail;
			sourceTree = "<group>";
		};
		C47499B42C608BF00064D824 /* Model */ = {
			isa = PBXGroup;
			children = (
				C47FCA422C61A4CA005C07D1 /* ExhibitsDetailModel.swift */,
			);
			path = Model;
			sourceTree = "<group>";
		};
		C47499B52C608BF60064D824 /* View */ = {
			isa = PBXGroup;
			children = (
				C47499B72C608C0C0064D824 /* ExhibitsDetailView.swift */,
				C4AE0E902C855B23000A0A72 /* ExhibitsInfoView.swift */,
			);
			path = View;
			sourceTree = "<group>";
		};
		C47499B62C608BFE0064D824 /* ViewModel */ = {
			isa = PBXGroup;
			children = (
			);
			path = ViewModel;
			sourceTree = "<group>";
		};
		C48457E92C4C00F200745A56 = {
			isa = PBXGroup;
			children = (
				C48458052C4C00F400745A56 /* eyesonTests */,
				C484580F2C4C00F400745A56 /* eyesonUITests */,
				C48457F42C4C00F200745A56 /* eyeson */,
				C429E7E92C61BBCC00B9AAED /* Utils */,
				C4475F3B2C4EA26E00DFBD90 /* Features */,
				C48457F32C4C00F200745A56 /* Products */,
				90199907AA22C4B7C8FB09F4 /* Pods */,
				CF96437DE1362F55D7828574 /* Frameworks */,
			);
			sourceTree = "<group>";
		};
		C48457F32C4C00F200745A56 /* Products */ = {
			isa = PBXGroup;
			children = (
				C48457F22C4C00F200745A56 /* eyeson.app */,
				C48458022C4C00F400745A56 /* eyesonTests.xctest */,
				C484580C2C4C00F400745A56 /* eyesonUITests.xctest */,
			);
			name = Products;
			sourceTree = "<group>";
		};
		C48457F42C4C00F200745A56 /* eyeson */ = {
			isa = PBXGroup;
			children = (
				C47B33DE2C60592B006BCC1E /* Info.plist */,
				C43E37DC2C605AA5006E32D8 /* Launch Screen.storyboard */,
				C48457F52C4C00F200745A56 /* eyesonApp.swift */,
				C48457F72C4C00F200745A56 /* ContentView.swift */,
				C48457F92C4C00F300745A56 /* Assets.xcassets */,
				C48457FB2C4C00F300745A56 /* Preview Content */,
			);
			path = eyeson;
			sourceTree = "<group>";
		};
		C48457FB2C4C00F300745A56 /* Preview Content */ = {
			isa = PBXGroup;
			children = (
				C48457FC2C4C00F300745A56 /* Preview Assets.xcassets */,
			);
			path = "Preview Content";
			sourceTree = "<group>";
		};
		C48458052C4C00F400745A56 /* eyesonTests */ = {
			isa = PBXGroup;
			children = (
				C48458062C4C00F400745A56 /* eyesonTests.swift */,
			);
			path = eyesonTests;
			sourceTree = "<group>";
		};
		C484580F2C4C00F400745A56 /* eyesonUITests */ = {
			isa = PBXGroup;
			children = (
				C48458102C4C00F400745A56 /* eyesonUITests.swift */,
				C48458122C4C00F400745A56 /* eyesonUITestsLaunchTests.swift */,
			);
			path = eyesonUITests;
			sourceTree = "<group>";
		};
		C4BCFB8F2C4DF65A001F943B /* BluetoothScan */ = {
			isa = PBXGroup;
			children = (
				C4475F3E2C4EA31600DFBD90 /* ViewModel */,
				C4475F3D2C4EA30400DFBD90 /* View */,
				C4475F3C2C4EA2FB00DFBD90 /* Model */,
			);
			path = BluetoothScan;
			sourceTree = "<group>";
		};
		CF96437DE1362F55D7828574 /* Frameworks */ = {
			isa = PBXGroup;
			children = (
				875708CAE5D7CBE185B51FF4 /* Pods_eyeson.framework */,
				6EFCBE13E13359B652111611 /* Pods_eyeson_eyesonUITests.framework */,
				F807439606D1330482835A12 /* Pods_eyesonTests.framework */,
			);
			name = Frameworks;
			sourceTree = "<group>";
		};
/* End PBXGroup section */

/* Begin PBXNativeTarget section */
		C48457F12C4C00F200745A56 /* eyeson */ = {
			isa = PBXNativeTarget;
			buildConfigurationList = C48458162C4C00F400745A56 /* Build configuration list for PBXNativeTarget "eyeson" */;
			buildPhases = (
				6DB4A2A020BF5D0D88821B9E /* [CP] Check Pods Manifest.lock */,
				C48457EE2C4C00F200745A56 /* Sources */,
				C48457EF2C4C00F200745A56 /* Frameworks */,
				C48457F02C4C00F200745A56 /* Resources */,
				AC2DB2CF6B0C56DB06FEC428 /* [CP] Embed Pods Frameworks */,
			);
			buildRules = (
			);
			dependencies = (
			);
			name = eyeson;
			packageProductDependencies = (
				C455A01B2C609B6300A3F786 /* Glur */,
				C429E8012C61E2EB00B9AAED /* Lottie */,
				C466110B2C677C4A00049492 /* SwiftUIImageViewer */,
				C4EF82D92C67B93F00A358D7 /* Shimmer */,
			);
			productName = eyeson;
			productReference = C48457F22C4C00F200745A56 /* eyeson.app */;
			productType = "com.apple.product-type.application";
		};
		C48458012C4C00F400745A56 /* eyesonTests */ = {
			isa = PBXNativeTarget;
			buildConfigurationList = C48458192C4C00F400745A56 /* Build configuration list for PBXNativeTarget "eyesonTests" */;
			buildPhases = (
				DB3F12C5DAA8FCF61D5DF91F /* [CP] Check Pods Manifest.lock */,
				C48457FE2C4C00F400745A56 /* Sources */,
				C48457FF2C4C00F400745A56 /* Frameworks */,
				C48458002C4C00F400745A56 /* Resources */,
			);
			buildRules = (
			);
			dependencies = (
				C48458042C4C00F400745A56 /* PBXTargetDependency */,
			);
			name = eyesonTests;
			productName = eyesonTests;
			productReference = C48458022C4C00F400745A56 /* eyesonTests.xctest */;
			productType = "com.apple.product-type.bundle.unit-test";
		};
		C484580B2C4C00F400745A56 /* eyesonUITests */ = {
			isa = PBXNativeTarget;
			buildConfigurationList = C484581C2C4C00F400745A56 /* Build configuration list for PBXNativeTarget "eyesonUITests" */;
			buildPhases = (
				7C5D99DBAC912548D37E61F5 /* [CP] Check Pods Manifest.lock */,
				C48458082C4C00F400745A56 /* Sources */,
				C48458092C4C00F400745A56 /* Frameworks */,
				C484580A2C4C00F400745A56 /* Resources */,
				5098EF09E5F30CB85CAE4212 /* [CP] Embed Pods Frameworks */,
			);
			buildRules = (
			);
			dependencies = (
				C484580E2C4C00F400745A56 /* PBXTargetDependency */,
			);
			name = eyesonUITests;
			productName = eyesonUITests;
			productReference = C484580C2C4C00F400745A56 /* eyesonUITests.xctest */;
			productType = "com.apple.product-type.bundle.ui-testing";
		};
/* End PBXNativeTarget section */

/* Begin PBXProject section */
		C48457EA2C4C00F200745A56 /* Project object */ = {
			isa = PBXProject;
			attributes = {
				BuildIndependentTargetsInParallel = 1;
				LastSwiftUpdateCheck = 1500;
				LastUpgradeCheck = 1500;
				TargetAttributes = {
					C48457F12C4C00F200745A56 = {
						CreatedOnToolsVersion = 15.0.1;
					};
					C48458012C4C00F400745A56 = {
						CreatedOnToolsVersion = 15.0.1;
						TestTargetID = C48457F12C4C00F200745A56;
					};
					C484580B2C4C00F400745A56 = {
						CreatedOnToolsVersion = 15.0.1;
						TestTargetID = C48457F12C4C00F200745A56;
					};
				};
			};
			buildConfigurationList = C48457ED2C4C00F200745A56 /* Build configuration list for PBXProject "eyeson" */;
			compatibilityVersion = "Xcode 14.0";
			developmentRegion = ko;
			hasScannedForEncodings = 0;
			knownRegions = (
				Base,
				ko,
			);
			mainGroup = C48457E92C4C00F200745A56;
			packageReferences = (
				C455A01A2C609B6300A3F786 /* XCRemoteSwiftPackageReference "Glur" */,
				C429E8002C61E2EB00B9AAED /* XCRemoteSwiftPackageReference "lottie-ios" */,
				C466110A2C677C4A00049492 /* XCRemoteSwiftPackageReference "swiftui-image-viewer" */,
				C4EF82D82C67B93F00A358D7 /* XCRemoteSwiftPackageReference "SwiftUI-Shimmer" */,
			);
			productRefGroup = C48457F32C4C00F200745A56 /* Products */;
			projectDirPath = "";
			projectRoot = "";
			targets = (
				C48457F12C4C00F200745A56 /* eyeson */,
				C48458012C4C00F400745A56 /* eyesonTests */,
				C484580B2C4C00F400745A56 /* eyesonUITests */,
			);
		};
/* End PBXProject section */

/* Begin PBXResourcesBuildPhase section */
		C48457F02C4C00F200745A56 /* Resources */ = {
			isa = PBXResourcesBuildPhase;
			buildActionMask = 2147483647;
			files = (
				C43E37DD2C605AA5006E32D8 /* Launch Screen.storyboard in Resources */,
				C48457FD2C4C00F300745A56 /* Preview Assets.xcassets in Resources */,
				C48457FA2C4C00F300745A56 /* Assets.xcassets in Resources */,
			);
			runOnlyForDeploymentPostprocessing = 0;
		};
		C48458002C4C00F400745A56 /* Resources */ = {
			isa = PBXResourcesBuildPhase;
			buildActionMask = 2147483647;
			files = (
			);
			runOnlyForDeploymentPostprocessing = 0;
		};
		C484580A2C4C00F400745A56 /* Resources */ = {
			isa = PBXResourcesBuildPhase;
			buildActionMask = 2147483647;
			files = (
			);
			runOnlyForDeploymentPostprocessing = 0;
		};
/* End PBXResourcesBuildPhase section */

/* Begin PBXShellScriptBuildPhase section */
		5098EF09E5F30CB85CAE4212 /* [CP] Embed Pods Frameworks */ = {
			isa = PBXShellScriptBuildPhase;
			buildActionMask = 2147483647;
			files = (
			);
			inputFileListPaths = (
				"${PODS_ROOT}/Target Support Files/Pods-eyeson-eyesonUITests/Pods-eyeson-eyesonUITests-frameworks-${CONFIGURATION}-input-files.xcfilelist",
			);
			name = "[CP] Embed Pods Frameworks";
			outputFileListPaths = (
				"${PODS_ROOT}/Target Support Files/Pods-eyeson-eyesonUITests/Pods-eyeson-eyesonUITests-frameworks-${CONFIGURATION}-output-files.xcfilelist",
			);
			runOnlyForDeploymentPostprocessing = 0;
			shellPath = /bin/sh;
			shellScript = "\"${PODS_ROOT}/Target Support Files/Pods-eyeson-eyesonUITests/Pods-eyeson-eyesonUITests-frameworks.sh\"\n";
			showEnvVarsInLog = 0;
		};
		6DB4A2A020BF5D0D88821B9E /* [CP] Check Pods Manifest.lock */ = {
			isa = PBXShellScriptBuildPhase;
			buildActionMask = 2147483647;
			files = (
			);
			inputFileListPaths = (
			);
			inputPaths = (
				"${PODS_PODFILE_DIR_PATH}/Podfile.lock",
				"${PODS_ROOT}/Manifest.lock",
			);
			name = "[CP] Check Pods Manifest.lock";
			outputFileListPaths = (
			);
			outputPaths = (
				"$(DERIVED_FILE_DIR)/Pods-eyeson-checkManifestLockResult.txt",
			);
			runOnlyForDeploymentPostprocessing = 0;
			shellPath = /bin/sh;
			shellScript = "diff \"${PODS_PODFILE_DIR_PATH}/Podfile.lock\" \"${PODS_ROOT}/Manifest.lock\" > /dev/null\nif [ $? != 0 ] ; then\n    # print error to STDERR\n    echo \"error: The sandbox is not in sync with the Podfile.lock. Run 'pod install' or update your CocoaPods installation.\" >&2\n    exit 1\nfi\n# This output is used by Xcode 'outputs' to avoid re-running this script phase.\necho \"SUCCESS\" > \"${SCRIPT_OUTPUT_FILE_0}\"\n";
			showEnvVarsInLog = 0;
		};
		7C5D99DBAC912548D37E61F5 /* [CP] Check Pods Manifest.lock */ = {
			isa = PBXShellScriptBuildPhase;
			buildActionMask = 2147483647;
			files = (
			);
			inputFileListPaths = (
			);
			inputPaths = (
				"${PODS_PODFILE_DIR_PATH}/Podfile.lock",
				"${PODS_ROOT}/Manifest.lock",
			);
			name = "[CP] Check Pods Manifest.lock";
			outputFileListPaths = (
			);
			outputPaths = (
				"$(DERIVED_FILE_DIR)/Pods-eyeson-eyesonUITests-checkManifestLockResult.txt",
			);
			runOnlyForDeploymentPostprocessing = 0;
			shellPath = /bin/sh;
			shellScript = "diff \"${PODS_PODFILE_DIR_PATH}/Podfile.lock\" \"${PODS_ROOT}/Manifest.lock\" > /dev/null\nif [ $? != 0 ] ; then\n    # print error to STDERR\n    echo \"error: The sandbox is not in sync with the Podfile.lock. Run 'pod install' or update your CocoaPods installation.\" >&2\n    exit 1\nfi\n# This output is used by Xcode 'outputs' to avoid re-running this script phase.\necho \"SUCCESS\" > \"${SCRIPT_OUTPUT_FILE_0}\"\n";
			showEnvVarsInLog = 0;
		};
		AC2DB2CF6B0C56DB06FEC428 /* [CP] Embed Pods Frameworks */ = {
			isa = PBXShellScriptBuildPhase;
			buildActionMask = 2147483647;
			files = (
			);
			inputFileListPaths = (
				"${PODS_ROOT}/Target Support Files/Pods-eyeson/Pods-eyeson-frameworks-${CONFIGURATION}-input-files.xcfilelist",
			);
			name = "[CP] Embed Pods Frameworks";
			outputFileListPaths = (
				"${PODS_ROOT}/Target Support Files/Pods-eyeson/Pods-eyeson-frameworks-${CONFIGURATION}-output-files.xcfilelist",
			);
			runOnlyForDeploymentPostprocessing = 0;
			shellPath = /bin/sh;
			shellScript = "\"${PODS_ROOT}/Target Support Files/Pods-eyeson/Pods-eyeson-frameworks.sh\"\n";
			showEnvVarsInLog = 0;
		};
		DB3F12C5DAA8FCF61D5DF91F /* [CP] Check Pods Manifest.lock */ = {
			isa = PBXShellScriptBuildPhase;
			buildActionMask = 2147483647;
			files = (
			);
			inputFileListPaths = (
			);
			inputPaths = (
				"${PODS_PODFILE_DIR_PATH}/Podfile.lock",
				"${PODS_ROOT}/Manifest.lock",
			);
			name = "[CP] Check Pods Manifest.lock";
			outputFileListPaths = (
			);
			outputPaths = (
				"$(DERIVED_FILE_DIR)/Pods-eyesonTests-checkManifestLockResult.txt",
			);
			runOnlyForDeploymentPostprocessing = 0;
			shellPath = /bin/sh;
			shellScript = "diff \"${PODS_PODFILE_DIR_PATH}/Podfile.lock\" \"${PODS_ROOT}/Manifest.lock\" > /dev/null\nif [ $? != 0 ] ; then\n    # print error to STDERR\n    echo \"error: The sandbox is not in sync with the Podfile.lock. Run 'pod install' or update your CocoaPods installation.\" >&2\n    exit 1\nfi\n# This output is used by Xcode 'outputs' to avoid re-running this script phase.\necho \"SUCCESS\" > \"${SCRIPT_OUTPUT_FILE_0}\"\n";
			showEnvVarsInLog = 0;
		};
/* End PBXShellScriptBuildPhase section */

/* Begin PBXSourcesBuildPhase section */
		C48457EE2C4C00F200745A56 /* Sources */ = {
			isa = PBXSourcesBuildPhase;
			buildActionMask = 2147483647;
			files = (
				C429E7F32C61DB1900B9AAED /* SettingsModel.swift in Sources */,
				C429E7F52C61DB2300B9AAED /* SettingViewModel.swift in Sources */,
				C48457F82C4C00F200745A56 /* ContentView.swift in Sources */,
				C4AE0E932C8565B5000A0A72 /* CameraInfoView.swift in Sources */,
				C429E7F12C61C00C00B9AAED /* LocationInfo.swift in Sources */,
				C4BCFB932C4DF700001F943B /* BLEManager.swift in Sources */,
				C48458222C4C033500745A56 /* DocumentScanner.swift in Sources */,
				C4AADEBF2C845CBC00D47510 /* CameraAPIModel.swift in Sources */,
				C429E7FF2C61E25E00B9AAED /* NearByModel.swift in Sources */,
				C4AADEC12C845CDA00D47510 /* CameraScanVM.swift in Sources */,
				C47FCA432C61A4CA005C07D1 /* ExhibitsDetailModel.swift in Sources */,
				C47499AA2C6062830064D824 /* CamerascanView.swift in Sources */,
				C4AE0E8D2C85570A000A0A72 /* ArtworkVM.swift in Sources */,
				C429E7FD2C61E25700B9AAED /* NearbyViewModel.swift in Sources */,
				C46611072C67754500049492 /* ArtworkDetailView.swift in Sources */,
				C429E7EF2C61BFE900B9AAED /* LocationPermission.swift in Sources */,
				C47499B02C6062B20064D824 /* ExhibitsView.swift in Sources */,
				C48458242C4C048C00745A56 /* TextRecognizer.swift in Sources */,
				C4AE0E8F2C855713000A0A72 /* ArtwordModel.swift in Sources */,
				C429E7FB2C61E25000B9AAED /* NearbyView.swift in Sources */,
				C429E7ED2C61BCD800B9AAED /* NotificationPermission.swift in Sources */,
				C4734E9D2C630FFA00110334 /* ArtworkView.swift in Sources */,
				C4AE0E912C855B23000A0A72 /* ExhibitsInfoView.swift in Sources */,
				C429E7E82C61B6FA00B9AAED /* SettingsView.swift in Sources */,
				C4BCFB8E2C4DF32C001F943B /* bluetoothScan.swift in Sources */,
				C48457F62C4C00F200745A56 /* eyesonApp.swift in Sources */,
				C4BCFB912C4DF679001F943B /* peripheral.swift in Sources */,
				C47499B82C608C0C0064D824 /* ExhibitsDetailView.swift in Sources */,
				C48458202C4C01E900745A56 /* ScanData.swift in Sources */,
				C47499B22C6065AE0064D824 /* ExhibitsModel.swift in Sources */,
			);
			runOnlyForDeploymentPostprocessing = 0;
		};
		C48457FE2C4C00F400745A56 /* Sources */ = {
			isa = PBXSourcesBuildPhase;
			buildActionMask = 2147483647;
			files = (
				C48458072C4C00F400745A56 /* eyesonTests.swift in Sources */,
			);
			runOnlyForDeploymentPostprocessing = 0;
		};
		C48458082C4C00F400745A56 /* Sources */ = {
			isa = PBXSourcesBuildPhase;
			buildActionMask = 2147483647;
			files = (
				C48458112C4C00F400745A56 /* eyesonUITests.swift in Sources */,
				C48458132C4C00F400745A56 /* eyesonUITestsLaunchTests.swift in Sources */,
			);
			runOnlyForDeploymentPostprocessing = 0;
		};
/* End PBXSourcesBuildPhase section */

/* Begin PBXTargetDependency section */
		C48458042C4C00F400745A56 /* PBXTargetDependency */ = {
			isa = PBXTargetDependency;
			target = C48457F12C4C00F200745A56 /* eyeson */;
			targetProxy = C48458032C4C00F400745A56 /* PBXContainerItemProxy */;
		};
		C484580E2C4C00F400745A56 /* PBXTargetDependency */ = {
			isa = PBXTargetDependency;
			target = C48457F12C4C00F200745A56 /* eyeson */;
			targetProxy = C484580D2C4C00F400745A56 /* PBXContainerItemProxy */;
		};
/* End PBXTargetDependency section */

/* Begin XCBuildConfiguration section */
		C48458142C4C00F400745A56 /* Debug */ = {
			isa = XCBuildConfiguration;
			buildSettings = {
				ALWAYS_SEARCH_USER_PATHS = NO;
				ASSETCATALOG_COMPILER_GENERATE_SWIFT_ASSET_SYMBOL_EXTENSIONS = YES;
				CLANG_ANALYZER_NONNULL = YES;
				CLANG_ANALYZER_NUMBER_OBJECT_CONVERSION = YES_AGGRESSIVE;
				CLANG_CXX_LANGUAGE_STANDARD = "gnu++20";
				CLANG_ENABLE_MODULES = YES;
				CLANG_ENABLE_OBJC_ARC = YES;
				CLANG_ENABLE_OBJC_WEAK = YES;
				CLANG_WARN_BLOCK_CAPTURE_AUTORELEASING = YES;
				CLANG_WARN_BOOL_CONVERSION = YES;
				CLANG_WARN_COMMA = YES;
				CLANG_WARN_CONSTANT_CONVERSION = YES;
				CLANG_WARN_DEPRECATED_OBJC_IMPLEMENTATIONS = YES;
				CLANG_WARN_DIRECT_OBJC_ISA_USAGE = YES_ERROR;
				CLANG_WARN_DOCUMENTATION_COMMENTS = YES;
				CLANG_WARN_EMPTY_BODY = YES;
				CLANG_WARN_ENUM_CONVERSION = YES;
				CLANG_WARN_INFINITE_RECURSION = YES;
				CLANG_WARN_INT_CONVERSION = YES;
				CLANG_WARN_NON_LITERAL_NULL_CONVERSION = YES;
				CLANG_WARN_OBJC_IMPLICIT_RETAIN_SELF = YES;
				CLANG_WARN_OBJC_LITERAL_CONVERSION = YES;
				CLANG_WARN_OBJC_ROOT_CLASS = YES_ERROR;
				CLANG_WARN_QUOTED_INCLUDE_IN_FRAMEWORK_HEADER = YES;
				CLANG_WARN_RANGE_LOOP_ANALYSIS = YES;
				CLANG_WARN_STRICT_PROTOTYPES = YES;
				CLANG_WARN_SUSPICIOUS_MOVE = YES;
				CLANG_WARN_UNGUARDED_AVAILABILITY = YES_AGGRESSIVE;
				CLANG_WARN_UNREACHABLE_CODE = YES;
				CLANG_WARN__DUPLICATE_METHOD_MATCH = YES;
				COPY_PHASE_STRIP = NO;
				DEBUG_INFORMATION_FORMAT = dwarf;
				ENABLE_STRICT_OBJC_MSGSEND = YES;
				ENABLE_TESTABILITY = YES;
				ENABLE_USER_SCRIPT_SANDBOXING = NO;
				GCC_C_LANGUAGE_STANDARD = gnu17;
				GCC_DYNAMIC_NO_PIC = NO;
				GCC_NO_COMMON_BLOCKS = YES;
				GCC_OPTIMIZATION_LEVEL = 0;
				GCC_PREPROCESSOR_DEFINITIONS = (
					"DEBUG=1",
					"$(inherited)",
				);
				GCC_WARN_64_TO_32_BIT_CONVERSION = YES;
				GCC_WARN_ABOUT_RETURN_TYPE = YES_ERROR;
				GCC_WARN_UNDECLARED_SELECTOR = YES;
				GCC_WARN_UNINITIALIZED_AUTOS = YES_AGGRESSIVE;
				GCC_WARN_UNUSED_FUNCTION = YES;
				GCC_WARN_UNUSED_VARIABLE = YES;
				IPHONEOS_DEPLOYMENT_TARGET = 16.0;
				LOCALIZATION_PREFERS_STRING_CATALOGS = YES;
				MTL_ENABLE_DEBUG_INFO = INCLUDE_SOURCE;
				MTL_FAST_MATH = YES;
				ONLY_ACTIVE_ARCH = YES;
				SDKROOT = iphoneos;
				SWIFT_ACTIVE_COMPILATION_CONDITIONS = "DEBUG $(inherited)";
				SWIFT_OPTIMIZATION_LEVEL = "-Onone";
			};
			name = Debug;
		};
		C48458152C4C00F400745A56 /* Release */ = {
			isa = XCBuildConfiguration;
			buildSettings = {
				ALWAYS_SEARCH_USER_PATHS = NO;
				ASSETCATALOG_COMPILER_GENERATE_SWIFT_ASSET_SYMBOL_EXTENSIONS = YES;
				CLANG_ANALYZER_NONNULL = YES;
				CLANG_ANALYZER_NUMBER_OBJECT_CONVERSION = YES_AGGRESSIVE;
				CLANG_CXX_LANGUAGE_STANDARD = "gnu++20";
				CLANG_ENABLE_MODULES = YES;
				CLANG_ENABLE_OBJC_ARC = YES;
				CLANG_ENABLE_OBJC_WEAK = YES;
				CLANG_WARN_BLOCK_CAPTURE_AUTORELEASING = YES;
				CLANG_WARN_BOOL_CONVERSION = YES;
				CLANG_WARN_COMMA = YES;
				CLANG_WARN_CONSTANT_CONVERSION = YES;
				CLANG_WARN_DEPRECATED_OBJC_IMPLEMENTATIONS = YES;
				CLANG_WARN_DIRECT_OBJC_ISA_USAGE = YES_ERROR;
				CLANG_WARN_DOCUMENTATION_COMMENTS = YES;
				CLANG_WARN_EMPTY_BODY = YES;
				CLANG_WARN_ENUM_CONVERSION = YES;
				CLANG_WARN_INFINITE_RECURSION = YES;
				CLANG_WARN_INT_CONVERSION = YES;
				CLANG_WARN_NON_LITERAL_NULL_CONVERSION = YES;
				CLANG_WARN_OBJC_IMPLICIT_RETAIN_SELF = YES;
				CLANG_WARN_OBJC_LITERAL_CONVERSION = YES;
				CLANG_WARN_OBJC_ROOT_CLASS = YES_ERROR;
				CLANG_WARN_QUOTED_INCLUDE_IN_FRAMEWORK_HEADER = YES;
				CLANG_WARN_RANGE_LOOP_ANALYSIS = YES;
				CLANG_WARN_STRICT_PROTOTYPES = YES;
				CLANG_WARN_SUSPICIOUS_MOVE = YES;
				CLANG_WARN_UNGUARDED_AVAILABILITY = YES_AGGRESSIVE;
				CLANG_WARN_UNREACHABLE_CODE = YES;
				CLANG_WARN__DUPLICATE_METHOD_MATCH = YES;
				COPY_PHASE_STRIP = NO;
				DEBUG_INFORMATION_FORMAT = "dwarf-with-dsym";
				ENABLE_NS_ASSERTIONS = NO;
				ENABLE_STRICT_OBJC_MSGSEND = YES;
				ENABLE_USER_SCRIPT_SANDBOXING = NO;
				GCC_C_LANGUAGE_STANDARD = gnu17;
				GCC_NO_COMMON_BLOCKS = YES;
				GCC_WARN_64_TO_32_BIT_CONVERSION = YES;
				GCC_WARN_ABOUT_RETURN_TYPE = YES_ERROR;
				GCC_WARN_UNDECLARED_SELECTOR = YES;
				GCC_WARN_UNINITIALIZED_AUTOS = YES_AGGRESSIVE;
				GCC_WARN_UNUSED_FUNCTION = YES;
				GCC_WARN_UNUSED_VARIABLE = YES;
				IPHONEOS_DEPLOYMENT_TARGET = 16.0;
				LOCALIZATION_PREFERS_STRING_CATALOGS = YES;
				MTL_ENABLE_DEBUG_INFO = NO;
				MTL_FAST_MATH = YES;
				SDKROOT = iphoneos;
				SWIFT_COMPILATION_MODE = wholemodule;
				VALIDATE_PRODUCT = YES;
			};
			name = Release;
		};
		C48458172C4C00F400745A56 /* Debug */ = {
			isa = XCBuildConfiguration;
			baseConfigurationReference = D694C3C3999ECE94C3469C12 /* Pods-eyeson.debug.xcconfig */;
			buildSettings = {
				ASSETCATALOG_COMPILER_APPICON_NAME = AppIcon;
				ASSETCATALOG_COMPILER_GLOBAL_ACCENT_COLOR_NAME = AccentColor;
				CODE_SIGN_STYLE = Automatic;
				CURRENT_PROJECT_VERSION = 1;
				DEVELOPMENT_ASSET_PATHS = "\"eyeson/Preview Content\"";
				DEVELOPMENT_TEAM = 95HGXTX76L;
				ENABLE_PREVIEWS = YES;
				GENERATE_INFOPLIST_FILE = YES;
				INFOPLIST_FILE = eyeson/Info.plist;
				INFOPLIST_KEY_CFBundleDisplayName = "눈와";
				INFOPLIST_KEY_NSBluetoothAlwaysUsageDescription = "주변 인원수를 파악하기 위해 블루투스 권한이 필요합니다";
				INFOPLIST_KEY_NSBluetoothPeripheralUsageDescription = "주변 인원수를 파악하기 위해 블루투스 권한이 필요합니다";
				INFOPLIST_KEY_NSCameraUsageDescription = "";
				INFOPLIST_KEY_NSLocationAlwaysAndWhenInUseUsageDescription = "주변 전시 검색을 위해 위치 권한이 필요합니다";
				INFOPLIST_KEY_NSLocationAlwaysUsageDescription = "주변 전시 검색을 위해 위치 권한이 필요합니다";
				INFOPLIST_KEY_NSLocationWhenInUseUsageDescription = "주변 전시 검색을 위해 위치 권한이 필요합니다";
				INFOPLIST_KEY_UIApplicationSceneManifest_Generation = YES;
				INFOPLIST_KEY_UIApplicationSupportsIndirectInputEvents = YES;
				INFOPLIST_KEY_UILaunchStoryboardName = "Launch Screen.storyboard";
				INFOPLIST_KEY_UISupportedInterfaceOrientations_iPad = "UIInterfaceOrientationPortrait UIInterfaceOrientationPortraitUpsideDown UIInterfaceOrientationLandscapeLeft UIInterfaceOrientationLandscapeRight";
				INFOPLIST_KEY_UISupportedInterfaceOrientations_iPhone = UIInterfaceOrientationPortrait;
				INFOPLIST_KEY_UIUserInterfaceStyle = Light;
				LD_RUNPATH_SEARCH_PATHS = (
					"$(inherited)",
					"@executable_path/Frameworks",
				);
				MARKETING_VERSION = 1.0;
				PRODUCT_BUNDLE_IDENTIFIER = zoyoong.eyeson;
				PRODUCT_NAME = "$(TARGET_NAME)";
				SWIFT_EMIT_LOC_STRINGS = YES;
				SWIFT_VERSION = 5.0;
				TARGETED_DEVICE_FAMILY = "1,2";
			};
			name = Debug;
		};
		C48458182C4C00F400745A56 /* Release */ = {
			isa = XCBuildConfiguration;
			baseConfigurationReference = 772E0DBEAAF2B50B6461D555 /* Pods-eyeson.release.xcconfig */;
			buildSettings = {
				ASSETCATALOG_COMPILER_APPICON_NAME = AppIcon;
				ASSETCATALOG_COMPILER_GLOBAL_ACCENT_COLOR_NAME = AccentColor;
				CODE_SIGN_STYLE = Automatic;
				CURRENT_PROJECT_VERSION = 1;
				DEVELOPMENT_ASSET_PATHS = "\"eyeson/Preview Content\"";
				DEVELOPMENT_TEAM = 95HGXTX76L;
				ENABLE_PREVIEWS = YES;
				GENERATE_INFOPLIST_FILE = YES;
				INFOPLIST_FILE = eyeson/Info.plist;
				INFOPLIST_KEY_CFBundleDisplayName = "눈와";
				INFOPLIST_KEY_NSBluetoothAlwaysUsageDescription = "주변 인원수를 파악하기 위해 블루투스 권한이 필요합니다";
				INFOPLIST_KEY_NSBluetoothPeripheralUsageDescription = "주변 인원수를 파악하기 위해 블루투스 권한이 필요합니다";
				INFOPLIST_KEY_NSCameraUsageDescription = "";
				INFOPLIST_KEY_NSLocationAlwaysAndWhenInUseUsageDescription = "주변 전시 검색을 위해 위치 권한이 필요합니다";
				INFOPLIST_KEY_NSLocationAlwaysUsageDescription = "주변 전시 검색을 위해 위치 권한이 필요합니다";
				INFOPLIST_KEY_NSLocationWhenInUseUsageDescription = "주변 전시 검색을 위해 위치 권한이 필요합니다";
				INFOPLIST_KEY_UIApplicationSceneManifest_Generation = YES;
				INFOPLIST_KEY_UIApplicationSupportsIndirectInputEvents = YES;
				INFOPLIST_KEY_UILaunchStoryboardName = "Launch Screen.storyboard";
				INFOPLIST_KEY_UISupportedInterfaceOrientations_iPad = "UIInterfaceOrientationPortrait UIInterfaceOrientationPortraitUpsideDown UIInterfaceOrientationLandscapeLeft UIInterfaceOrientationLandscapeRight";
				INFOPLIST_KEY_UISupportedInterfaceOrientations_iPhone = UIInterfaceOrientationPortrait;
				INFOPLIST_KEY_UIUserInterfaceStyle = Light;
				LD_RUNPATH_SEARCH_PATHS = (
					"$(inherited)",
					"@executable_path/Frameworks",
				);
				MARKETING_VERSION = 1.0;
				PRODUCT_BUNDLE_IDENTIFIER = zoyoong.eyeson;
				PRODUCT_NAME = "$(TARGET_NAME)";
				SWIFT_EMIT_LOC_STRINGS = YES;
				SWIFT_VERSION = 5.0;
				TARGETED_DEVICE_FAMILY = "1,2";
			};
			name = Release;
		};
		C484581A2C4C00F400745A56 /* Debug */ = {
			isa = XCBuildConfiguration;
			baseConfigurationReference = B8DBE7E18503A96EEC65445F /* Pods-eyesonTests.debug.xcconfig */;
			buildSettings = {
				ALWAYS_EMBED_SWIFT_STANDARD_LIBRARIES = YES;
				BUNDLE_LOADER = "$(TEST_HOST)";
				CODE_SIGN_STYLE = Automatic;
				CURRENT_PROJECT_VERSION = 1;
				DEVELOPMENT_TEAM = 95HGXTX76L;
				GENERATE_INFOPLIST_FILE = YES;
				IPHONEOS_DEPLOYMENT_TARGET = 17.0;
				MARKETING_VERSION = 1.0;
				PRODUCT_BUNDLE_IDENTIFIER = zoyoong.eyesonTests;
				PRODUCT_NAME = "$(TARGET_NAME)";
				SWIFT_EMIT_LOC_STRINGS = NO;
				SWIFT_VERSION = 5.0;
				TARGETED_DEVICE_FAMILY = "1,2";
				TEST_HOST = "$(BUILT_PRODUCTS_DIR)/eyeson.app/$(BUNDLE_EXECUTABLE_FOLDER_PATH)/eyeson";
			};
			name = Debug;
		};
		C484581B2C4C00F400745A56 /* Release */ = {
			isa = XCBuildConfiguration;
			baseConfigurationReference = 73B9F40BCD49ADA5B66D84C6 /* Pods-eyesonTests.release.xcconfig */;
			buildSettings = {
				ALWAYS_EMBED_SWIFT_STANDARD_LIBRARIES = YES;
				BUNDLE_LOADER = "$(TEST_HOST)";
				CODE_SIGN_STYLE = Automatic;
				CURRENT_PROJECT_VERSION = 1;
				DEVELOPMENT_TEAM = 95HGXTX76L;
				GENERATE_INFOPLIST_FILE = YES;
				IPHONEOS_DEPLOYMENT_TARGET = 17.0;
				MARKETING_VERSION = 1.0;
				PRODUCT_BUNDLE_IDENTIFIER = zoyoong.eyesonTests;
				PRODUCT_NAME = "$(TARGET_NAME)";
				SWIFT_EMIT_LOC_STRINGS = NO;
				SWIFT_VERSION = 5.0;
				TARGETED_DEVICE_FAMILY = "1,2";
				TEST_HOST = "$(BUILT_PRODUCTS_DIR)/eyeson.app/$(BUNDLE_EXECUTABLE_FOLDER_PATH)/eyeson";
			};
			name = Release;
		};
		C484581D2C4C00F400745A56 /* Debug */ = {
			isa = XCBuildConfiguration;
			baseConfigurationReference = 5E880C13A66FF0CBCDED4004 /* Pods-eyeson-eyesonUITests.debug.xcconfig */;
			buildSettings = {
				ALWAYS_EMBED_SWIFT_STANDARD_LIBRARIES = YES;
				CODE_SIGN_STYLE = Automatic;
				CURRENT_PROJECT_VERSION = 1;
				DEVELOPMENT_TEAM = 95HGXTX76L;
				GENERATE_INFOPLIST_FILE = YES;
				MARKETING_VERSION = 1.0;
				PRODUCT_BUNDLE_IDENTIFIER = zoyoong.eyesonUITests;
				PRODUCT_NAME = "$(TARGET_NAME)";
				SWIFT_EMIT_LOC_STRINGS = NO;
				SWIFT_VERSION = 5.0;
				TARGETED_DEVICE_FAMILY = "1,2";
				TEST_TARGET_NAME = eyeson;
			};
			name = Debug;
		};
		C484581E2C4C00F400745A56 /* Release */ = {
			isa = XCBuildConfiguration;
			baseConfigurationReference = D4AFA9AEB09116BE95EA8F09 /* Pods-eyeson-eyesonUITests.release.xcconfig */;
			buildSettings = {
				ALWAYS_EMBED_SWIFT_STANDARD_LIBRARIES = YES;
				CODE_SIGN_STYLE = Automatic;
				CURRENT_PROJECT_VERSION = 1;
				DEVELOPMENT_TEAM = 95HGXTX76L;
				GENERATE_INFOPLIST_FILE = YES;
				MARKETING_VERSION = 1.0;
				PRODUCT_BUNDLE_IDENTIFIER = zoyoong.eyesonUITests;
				PRODUCT_NAME = "$(TARGET_NAME)";
				SWIFT_EMIT_LOC_STRINGS = NO;
				SWIFT_VERSION = 5.0;
				TARGETED_DEVICE_FAMILY = "1,2";
				TEST_TARGET_NAME = eyeson;
			};
			name = Release;
		};
/* End XCBuildConfiguration section */

/* Begin XCConfigurationList section */
		C48457ED2C4C00F200745A56 /* Build configuration list for PBXProject "eyeson" */ = {
			isa = XCConfigurationList;
			buildConfigurations = (
				C48458142C4C00F400745A56 /* Debug */,
				C48458152C4C00F400745A56 /* Release */,
			);
			defaultConfigurationIsVisible = 0;
			defaultConfigurationName = Release;
		};
		C48458162C4C00F400745A56 /* Build configuration list for PBXNativeTarget "eyeson" */ = {
			isa = XCConfigurationList;
			buildConfigurations = (
				C48458172C4C00F400745A56 /* Debug */,
				C48458182C4C00F400745A56 /* Release */,
			);
			defaultConfigurationIsVisible = 0;
			defaultConfigurationName = Release;
		};
		C48458192C4C00F400745A56 /* Build configuration list for PBXNativeTarget "eyesonTests" */ = {
			isa = XCConfigurationList;
			buildConfigurations = (
				C484581A2C4C00F400745A56 /* Debug */,
				C484581B2C4C00F400745A56 /* Release */,
			);
			defaultConfigurationIsVisible = 0;
			defaultConfigurationName = Release;
		};
		C484581C2C4C00F400745A56 /* Build configuration list for PBXNativeTarget "eyesonUITests" */ = {
			isa = XCConfigurationList;
			buildConfigurations = (
				C484581D2C4C00F400745A56 /* Debug */,
				C484581E2C4C00F400745A56 /* Release */,
			);
			defaultConfigurationIsVisible = 0;
			defaultConfigurationName = Release;
		};
/* End XCConfigurationList section */

/* Begin XCRemoteSwiftPackageReference section */
		C429E8002C61E2EB00B9AAED /* XCRemoteSwiftPackageReference "lottie-ios" */ = {
			isa = XCRemoteSwiftPackageReference;
			repositoryURL = "https://github.com/airbnb/lottie-ios";
			requirement = {
				kind = upToNextMajorVersion;
				minimumVersion = 4.5.0;
			};
		};
		C455A01A2C609B6300A3F786 /* XCRemoteSwiftPackageReference "Glur" */ = {
			isa = XCRemoteSwiftPackageReference;
			repositoryURL = "https://github.com/joogps/Glur";
			requirement = {
				kind = upToNextMajorVersion;
				minimumVersion = 1.0.4;
			};
		};
		C466110A2C677C4A00049492 /* XCRemoteSwiftPackageReference "swiftui-image-viewer" */ = {
			isa = XCRemoteSwiftPackageReference;
			repositoryURL = "https://github.com/fuzzzlove/swiftui-image-viewer.git";
			requirement = {
				kind = upToNextMajorVersion;
				minimumVersion = 1.0.0;
			};
		};
		C4EF82D82C67B93F00A358D7 /* XCRemoteSwiftPackageReference "SwiftUI-Shimmer" */ = {
			isa = XCRemoteSwiftPackageReference;
			repositoryURL = "https://github.com/markiv/SwiftUI-Shimmer";
			requirement = {
				kind = upToNextMajorVersion;
				minimumVersion = 1.5.0;
			};
		};
/* End XCRemoteSwiftPackageReference section */

/* Begin XCSwiftPackageProductDependency section */
		C429E8012C61E2EB00B9AAED /* Lottie */ = {
			isa = XCSwiftPackageProductDependency;
			package = C429E8002C61E2EB00B9AAED /* XCRemoteSwiftPackageReference "lottie-ios" */;
			productName = Lottie;
		};
		C455A01B2C609B6300A3F786 /* Glur */ = {
			isa = XCSwiftPackageProductDependency;
			package = C455A01A2C609B6300A3F786 /* XCRemoteSwiftPackageReference "Glur" */;
			productName = Glur;
		};
		C466110B2C677C4A00049492 /* SwiftUIImageViewer */ = {
			isa = XCSwiftPackageProductDependency;
			package = C466110A2C677C4A00049492 /* XCRemoteSwiftPackageReference "swiftui-image-viewer" */;
			productName = SwiftUIImageViewer;
		};
		C4EF82D92C67B93F00A358D7 /* Shimmer */ = {
			isa = XCSwiftPackageProductDependency;
			package = C4EF82D82C67B93F00A358D7 /* XCRemoteSwiftPackageReference "SwiftUI-Shimmer" */;
			productName = Shimmer;
		};
/* End XCSwiftPackageProductDependency section */
	};
	rootObject = C48457EA2C4C00F200745A56 /* Project object */;
}
